
Microsoft Visual Studio Solution File, Format Version 12.00
# Visual Studio Version 17
VisualStudioVersion = 17.10.34928.147
MinimumVisualStudioVersion = 10.0.40219.1
Project("{FAE04EC0-301F-11D3-BF4B-00C04F79EFBC}") = "HockeyManagerZadanie", "HockeyManagerZadanie\HockeyManagerZadanie.csproj", "{0A88255A-AC1F-4276-A0C8-7D8E8987E4AF}"
EndProject
Global
	GlobalSection(SolutionConfigurationPlatforms) = preSolution
		Debug|Any CPU = Debug|Any CPU
		Release|Any CPU = Release|Any CPU
	EndGlobalSection
	GlobalSection(ProjectConfigurationPlatforms) = postSolution
		{0A88255A-AC1F-4276-A0C8-7D8E8987E4AF}.Debug|Any CPU.ActiveCfg = Debug|Any CPU
		{0A88255A-AC1F-4276-A0C8-7D8E8987E4AF}.Debug|Any CPU.Build.0 = Debug|Any CPU
		{0A88255A-AC1F-4276-A0C8-7D8E8987E4AF}.Release|Any CPU.ActiveCfg = Release|Any CPU
		{0A88255A-AC1F-4276-A0C8-7D8E8987E4AF}.Release|Any CPU.Build.0 = Release|Any CPU
	EndGlobalSection
	GlobalSection(SolutionProperties) = preSolution
		HideSolutionNode = FALSE
	EndGlobalSection
	GlobalSection(ExtensibilityGlobals) = postSolution
		SolutionGuid = {EB6C47D4-A798-4AE8-8807-D7AC7138F11C}
	EndGlobalSection
EndGlobal
